
Microsoft Visual Studio Solution File, Format Version 12.00
# Visual Studio Version 17
VisualStudioVersion = 17.10.35004.147
MinimumVisualStudioVersion = 10.0.40219.1
Project("{FAE04EC0-301F-11D3-BF4B-00C04F79EFBC}") = "VinitKumar", "VinitKumar.csproj", "{20651FC2-1C30-400C-A858-27A19B92CA08}"
EndProject
Global
	GlobalSection(SolutionConfigurationPlatforms) = preSolution
		Debug|Any CPU = Debug|Any CPU
		Release|Any CPU = Release|Any CPU
	EndGlobalSection
	GlobalSection(ProjectConfigurationPlatforms) = postSolution
		{20651FC2-1C30-400C-A858-27A19B92CA08}.Debug|Any CPU.ActiveCfg = Debug|Any CPU
		{20651FC2-1C30-400C-A858-27A19B92CA08}.Debug|Any CPU.Build.0 = Debug|Any CPU
		{20651FC2-1C30-400C-A858-27A19B92CA08}.Release|Any CPU.ActiveCfg = Release|Any CPU
		{20651FC2-1C30-400C-A858-27A19B92CA08}.Release|Any CPU.Build.0 = Release|Any CPU
	EndGlobalSection
	GlobalSection(SolutionProperties) = preSolution
		HideSolutionNode = FALSE
	EndGlobalSection
	GlobalSection(ExtensibilityGlobals) = postSolution
		SolutionGuid = {9B3C75DE-4E3B-4F14-911E-F5E2D3929E85}
	EndGlobalSection
EndGlobal
